
Microsoft Visual Studio Solution File, Format Version 12.00
# Visual Studio Version 16
VisualStudioVersion = 16.0.30907.101
MinimumVisualStudioVersion = 10.0.40219.1
Project("{FAE04EC0-301F-11D3-BF4B-00C04F79EFBC}") = "DataAccess", "DataAccess\DataAccess.csproj", "{F1799CD1-1588-4470-9C95-9A15D88279B3}"
EndProject
Project("{FAE04EC0-301F-11D3-BF4B-00C04F79EFBC}") = "Entities", "Entities\Entities.csproj", "{3FE5B483-7A7E-461D-8E2A-3071383B46A9}"
EndProject
Project("{FAE04EC0-301F-11D3-BF4B-00C04F79EFBC}") = "Business", "Business\Business.csproj", "{94F1E577-79EB-42B5-8F8F-ED398C8CEA91}"
EndProject
Project("{FAE04EC0-301F-11D3-BF4B-00C04F79EFBC}") = "ConsoleUI", "ConsoleUI\ConsoleUI.csproj", "{72F34B41-9FD6-4DDF-B776-3AE20F4E0CB9}"
EndProject
Global
	GlobalSection(SolutionConfigurationPlatforms) = preSolution
		Debug|Any CPU = Debug|Any CPU
		Release|Any CPU = Release|Any CPU
	EndGlobalSection
	GlobalSection(ProjectConfigurationPlatforms) = postSolution
		{F1799CD1-1588-4470-9C95-9A15D88279B3}.Debug|Any CPU.ActiveCfg = Debug|Any CPU
		{F1799CD1-1588-4470-9C95-9A15D88279B3}.Debug|Any CPU.Build.0 = Debug|Any CPU
		{F1799CD1-1588-4470-9C95-9A15D88279B3}.Release|Any CPU.ActiveCfg = Release|Any CPU
		{F1799CD1-1588-4470-9C95-9A15D88279B3}.Release|Any CPU.Build.0 = Release|Any CPU
		{3FE5B483-7A7E-461D-8E2A-3071383B46A9}.Debug|Any CPU.ActiveCfg = Debug|Any CPU
		{3FE5B483-7A7E-461D-8E2A-3071383B46A9}.Debug|Any CPU.Build.0 = Debug|Any CPU
		{3FE5B483-7A7E-461D-8E2A-3071383B46A9}.Release|Any CPU.ActiveCfg = Release|Any CPU
		{3FE5B483-7A7E-461D-8E2A-3071383B46A9}.Release|Any CPU.Build.0 = Release|Any CPU
		{94F1E577-79EB-42B5-8F8F-ED398C8CEA91}.Debug|Any CPU.ActiveCfg = Debug|Any CPU
		{94F1E577-79EB-42B5-8F8F-ED398C8CEA91}.Debug|Any CPU.Build.0 = Debug|Any CPU
		{94F1E577-79EB-42B5-8F8F-ED398C8CEA91}.Release|Any CPU.ActiveCfg = Release|Any CPU
		{94F1E577-79EB-42B5-8F8F-ED398C8CEA91}.Release|Any CPU.Build.0 = Release|Any CPU
		{72F34B41-9FD6-4DDF-B776-3AE20F4E0CB9}.Debug|Any CPU.ActiveCfg = Debug|Any CPU
		{72F34B41-9FD6-4DDF-B776-3AE20F4E0CB9}.Debug|Any CPU.Build.0 = Debug|Any CPU
		{72F34B41-9FD6-4DDF-B776-3AE20F4E0CB9}.Release|Any CPU.ActiveCfg = Release|Any CPU
		{72F34B41-9FD6-4DDF-B776-3AE20F4E0CB9}.Release|Any CPU.Build.0 = Release|Any CPU
	EndGlobalSection
	GlobalSection(SolutionProperties) = preSolution
		HideSolutionNode = FALSE
	EndGlobalSection
	GlobalSection(ExtensibilityGlobals) = postSolution
		SolutionGuid = {1132400A-C80B-44C4-9F2A-231418B5CCC6}
	EndGlobalSection
EndGlobal
